// !$*UTF8*$!
{
	archiveVersion = 1;
	classes = {
	};
	objectVersion = 56;
	objects = {

/* Begin PBXBuildFile section */
		AD0A21162B5571BA00EC7A9D /* AppDelegate.swift in Sources */ = {isa = PBXBuildFile; fileRef = AD0A21152B5571BA00EC7A9D /* AppDelegate.swift */; };
		AD0A21182B5571BA00EC7A9D /* SceneDelegate.swift in Sources */ = {isa = PBXBuildFile; fileRef = AD0A21172B5571BA00EC7A9D /* SceneDelegate.swift */; };
		AD0A211A2B5571BA00EC7A9D /* ViewController.swift in Sources */ = {isa = PBXBuildFile; fileRef = AD0A21192B5571BA00EC7A9D /* ViewController.swift */; };
		AD0A211D2B5571BA00EC7A9D /* Main.storyboard in Resources */ = {isa = PBXBuildFile; fileRef = AD0A211B2B5571BA00EC7A9D /* Main.storyboard */; };
		AD0A211F2B5571BB00EC7A9D /* Assets.xcassets in Resources */ = {isa = PBXBuildFile; fileRef = AD0A211E2B5571BB00EC7A9D /* Assets.xcassets */; };
		AD0A21222B5571BB00EC7A9D /* LaunchScreen.storyboard in Resources */ = {isa = PBXBuildFile; fileRef = AD0A21202B5571BB00EC7A9D /* LaunchScreen.storyboard */; };
		AD0A212A2B55744000EC7A9D /* PersonCell.swift in Sources */ = {isa = PBXBuildFile; fileRef = AD0A21292B55744000EC7A9D /* PersonCell.swift */; };
		ADAA904C2B65ED4C00F7E7BE /* Person.swift in Sources */ = {isa = PBXBuildFile; fileRef = ADAA904B2B65ED4C00F7E7BE /* Person.swift */; };
/* End PBXBuildFile section */

/* Begin PBXFileReference section */
		AD0A21122B5571BA00EC7A9D /* HWS-Project-10.app */ = {isa = PBXFileReference; explicitFileType = wrapper.application; includeInIndex = 0; path = "HWS-Project-10.app"; sourceTree = BUILT_PRODUCTS_DIR; };
		AD0A21152B5571BA00EC7A9D /* AppDelegate.swift */ = {isa = PBXFileReference; lastKnownFileType = sourcecode.swift; path = AppDelegate.swift; sourceTree = "<group>"; };
		AD0A21172B5571BA00EC7A9D /* SceneDelegate.swift */ = {isa = PBXFileReference; lastKnownFileType = sourcecode.swift; path = SceneDelegate.swift; sourceTree = "<group>"; };
		AD0A21192B5571BA00EC7A9D /* ViewController.swift */ = {isa = PBXFileReference; lastKnownFileType = sourcecode.swift; path = ViewController.swift; sourceTree = "<group>"; };
		AD0A211C2B5571BA00EC7A9D /* Base */ = {isa = PBXFileReference; lastKnownFileType = file.storyboard; name = Base; path = Base.lproj/Main.storyboard; sourceTree = "<group>"; };
		AD0A211E2B5571BB00EC7A9D /* Assets.xcassets */ = {isa = PBXFileReference; lastKnownFileType = folder.assetcatalog; path = Assets.xcassets; sourceTree = "<group>"; };
		AD0A21212B5571BB00EC7A9D /* Base */ = {isa = PBXFileReference; lastKnownFileType = file.storyboard; name = Base; path = Base.lproj/LaunchScreen.storyboard; sourceTree = "<group>"; };
		AD0A21232B5571BB00EC7A9D /* Info.plist */ = {isa = PBXFileReference; lastKnownFileType = text.plist.xml; path = Info.plist; sourceTree = "<group>"; };
		AD0A21292B55744000EC7A9D /* PersonCell.swift */ = {isa = PBXFileReference; lastKnownFileType = sourcecode.swift; path = PersonCell.swift; sourceTree = "<group>"; };
		ADAA904B2B65ED4C00F7E7BE /* Person.swift */ = {isa = PBXFileReference; lastKnownFileType = sourcecode.swift; path = Person.swift; sourceTree = "<group>"; };
/* End PBXFileReference section */

/* Begin PBXFrameworksBuildPhase section */
		AD0A210F2B5571BA00EC7A9D /* Frameworks */ = {
			isa = PBXFrameworksBuildPhase;
			buildActionMask = 2147483647;
			files = (
			);
			runOnlyForDeploymentPostprocessing = 0;
		};
/* End PBXFrameworksBuildPhase section */

/* Begin PBXGroup section */
		AD0A21092B5571BA00EC7A9D = {
			isa = PBXGroup;
			children = (
				AD0A21142B5571BA00EC7A9D /* HWS-Project-10 */,
				AD0A21132B5571BA00EC7A9D /* Products */,
			);
			sourceTree = "<group>";
		};
		AD0A21132B5571BA00EC7A9D /* Products */ = {
			isa = PBXGroup;
			children = (
				AD0A21122B5571BA00EC7A9D /* HWS-Project-10.app */,
			);
			name = Products;
			sourceTree = "<group>";
		};
		AD0A21142B5571BA00EC7A9D /* HWS-Project-10 */ = {
			isa = PBXGroup;
			children = (
				AD0A21152B5571BA00EC7A9D /* AppDelegate.swift */,
				AD0A21172B5571BA00EC7A9D /* SceneDelegate.swift */,
				AD0A21192B5571BA00EC7A9D /* ViewController.swift */,
				ADAA904B2B65ED4C00F7E7BE /* Person.swift */,
				AD0A211B2B5571BA00EC7A9D /* Main.storyboard */,
				AD0A21292B55744000EC7A9D /* PersonCell.swift */,
				AD0A211E2B5571BB00EC7A9D /* Assets.xcassets */,
				AD0A21202B5571BB00EC7A9D /* LaunchScreen.storyboard */,
				AD0A21232B5571BB00EC7A9D /* Info.plist */,
			);
			path = "HWS-Project-10";
			sourceTree = "<group>";
		};
/* End PBXGroup section */

/* Begin PBXNativeTarget section */
		AD0A21112B5571BA00EC7A9D /* HWS-Project-10 */ = {
			isa = PBXNativeTarget;
			buildConfigurationList = AD0A21262B5571BB00EC7A9D /* Build configuration list for PBXNativeTarget "HWS-Project-10" */;
			buildPhases = (
				AD0A210E2B5571BA00EC7A9D /* Sources */,
				AD0A210F2B5571BA00EC7A9D /* Frameworks */,
				AD0A21102B5571BA00EC7A9D /* Resources */,
			);
			buildRules = (
			);
			dependencies = (
			);
			name = "HWS-Project-10";
			productName = "HWS-Project-10";
			productReference = AD0A21122B5571BA00EC7A9D /* HWS-Project-10.app */;
			productType = "com.apple.product-type.application";
		};
/* End PBXNativeTarget section */

/* Begin PBXProject section */
		AD0A210A2B5571BA00EC7A9D /* Project object */ = {
			isa = PBXProject;
			attributes = {
				BuildIndependentTargetsInParallel = 1;
				LastSwiftUpdateCheck = 1520;
				LastUpgradeCheck = 1520;
				TargetAttributes = {
					AD0A21112B5571BA00EC7A9D = {
						CreatedOnToolsVersion = 15.2;
					};
				};
			};
			buildConfigurationList = AD0A210D2B5571BA00EC7A9D /* Build configuration list for PBXProject "HWS-Project-10" */;
			compatibilityVersion = "Xcode 14.0";
			developmentRegion = en;
			hasScannedForEncodings = 0;
			knownRegions = (
				en,
				Base,
			);
			mainGroup = AD0A21092B5571BA00EC7A9D;
			productRefGroup = AD0A21132B5571BA00EC7A9D /* Products */;
			projectDirPath = "";
			projectRoot = "";
			targets = (
				AD0A21112B5571BA00EC7A9D /* HWS-Project-10 */,
			);
		};
/* End PBXProject section */

/* Begin PBXResourcesBuildPhase section */
		AD0A21102B5571BA00EC7A9D /* Resources */ = {
			isa = PBXResourcesBuildPhase;
			buildActionMask = 2147483647;
			files = (
				AD0A21222B5571BB00EC7A9D /* LaunchScreen.storyboard in Resources */,
				AD0A211F2B5571BB00EC7A9D /* Assets.xcassets in Resources */,
				AD0A211D2B5571BA00EC7A9D /* Main.storyboard in Resources */,
			);
			runOnlyForDeploymentPostprocessing = 0;
		};
/* End PBXResourcesBuildPhase section */

/* Begin PBXSourcesBuildPhase section */
		AD0A210E2B5571BA00EC7A9D /* Sources */ = {
			isa = PBXSourcesBuildPhase;
			buildActionMask = 2147483647;
			files = (
				ADAA904C2B65ED4C00F7E7BE /* Person.swift in Sources */,
				AD0A211A2B5571BA00EC7A9D /* ViewController.swift in Sources */,
				AD0A21162B5571BA00EC7A9D /* AppDelegate.swift in Sources */,
				AD0A212A2B55744000EC7A9D /* PersonCell.swift in Sources */,
				AD0A21182B5571BA00EC7A9D /* SceneDelegate.swift in Sources */,
			);
			runOnlyForDeploymentPostprocessing = 0;
		};
/* End PBXSourcesBuildPhase section */

/* Begin PBXVariantGroup section */
		AD0A211B2B5571BA00EC7A9D /* Main.storyboard */ = {
			isa = PBXVariantGroup;
			children = (
				AD0A211C2B5571BA00EC7A9D /* Base */,
			);
			name = Main.storyboard;
			sourceTree = "<group>";
		};
		AD0A21202B5571BB00EC7A9D /* LaunchScreen.storyboard */ = {
			isa = PBXVariantGroup;
			children = (
				AD0A21212B5571BB00EC7A9D /* Base */,
			);
			name = LaunchScreen.storyboard;
			sourceTree = "<group>";
		};
/* End PBXVariantGroup section */

/* Begin XCBuildConfiguration section */
		AD0A21242B5571BB00EC7A9D /* Debug */ = {
			isa = XCBuildConfiguration;
			buildSettings = {
				ALWAYS_SEARCH_USER_PATHS = NO;
				ASSETCATALOG_COMPILER_GENERATE_SWIFT_ASSET_SYMBOL_EXTENSIONS = YES;
				CLANG_ANALYZER_NONNULL = YES;
				CLANG_ANALYZER_NUMBER_OBJECT_CONVERSION = YES_AGGRESSIVE;
				CLANG_CXX_LANGUAGE_STANDARD = "gnu++20";
				CLANG_ENABLE_MODULES = YES;
				CLANG_ENABLE_OBJC_ARC = YES;
				CLANG_ENABLE_OBJC_WEAK = YES;
				CLANG_WARN_BLOCK_CAPTURE_AUTORELEASING = YES;
				CLANG_WARN_BOOL_CONVERSION = YES;
				CLANG_WARN_COMMA = YES;
				CLANG_WARN_CONSTANT_CONVERSION = YES;
				CLANG_WARN_DEPRECATED_OBJC_IMPLEMENTATIONS = YES;
				CLANG_WARN_DIRECT_OBJC_ISA_USAGE = YES_ERROR;
				CLANG_WARN_DOCUMENTATION_COMMENTS = YES;
				CLANG_WARN_EMPTY_BODY = YES;
				CLANG_WARN_ENUM_CONVERSION = YES;
				CLANG_WARN_INFINITE_RECURSION = YES;
				CLANG_WARN_INT_CONVERSION = YES;
				CLANG_WARN_NON_LITERAL_NULL_CONVERSION = YES;
				CLANG_WARN_OBJC_IMPLICIT_RETAIN_SELF = YES;
				CLANG_WARN_OBJC_LITERAL_CONVERSION = YES;
				CLANG_WARN_OBJC_ROOT_CLASS = YES_ERROR;
				CLANG_WARN_QUOTED_INCLUDE_IN_FRAMEWORK_HEADER = YES;
				CLANG_WARN_RANGE_LOOP_ANALYSIS = YES;
				CLANG_WARN_STRICT_PROTOTYPES = YES;
				CLANG_WARN_SUSPICIOUS_MOVE = YES;
				CLANG_WARN_UNGUARDED_AVAILABILITY = YES_AGGRESSIVE;
				CLANG_WARN_UNREACHABLE_CODE = YES;
				CLANG_WARN__DUPLICATE_METHOD_MATCH = YES;
				COPY_PHASE_STRIP = NO;
				DEBUG_INFORMATION_FORMAT = dwarf;
				ENABLE_STRICT_OBJC_MSGSEND = YES;
				ENABLE_TESTABILITY = YES;
				ENABLE_USER_SCRIPT_SANDBOXING = YES;
				GCC_C_LANGUAGE_STANDARD = gnu17;
				GCC_DYNAMIC_NO_PIC = NO;
				GCC_NO_COMMON_BLOCKS = YES;
				GCC_OPTIMIZATION_LEVEL = 0;
				GCC_PREPROCESSOR_DEFINITIONS = (
					"DEBUG=1",
					"$(inherited)",
				);
				GCC_WARN_64_TO_32_BIT_CONVERSION = YES;
				GCC_WARN_ABOUT_RETURN_TYPE = YES_ERROR;
				GCC_WARN_UNDECLARED_SELECTOR = YES;
				GCC_WARN_UNINITIALIZED_AUTOS = YES_AGGRESSIVE;
				GCC_WARN_UNUSED_FUNCTION = YES;
				GCC_WARN_UNUSED_VARIABLE = YES;
				IPHONEOS_DEPLOYMENT_TARGET = 13.0;
				LOCALIZATION_PREFERS_STRING_CATALOGS = YES;
				MTL_ENABLE_DEBUG_INFO = INCLUDE_SOURCE;
				MTL_FAST_MATH = YES;
				ONLY_ACTIVE_ARCH = YES;
				SDKROOT = iphoneos;
				SWIFT_ACTIVE_COMPILATION_CONDITIONS = "DEBUG $(inherited)";
				SWIFT_OPTIMIZATION_LEVEL = "-Onone";
			};
			name = Debug;
		};
		AD0A21252B5571BB00EC7A9D /* Release */ = {
			isa = XCBuildConfiguration;
			buildSettings = {
				ALWAYS_SEARCH_USER_PATHS = NO;
				ASSETCATALOG_COMPILER_GENERATE_SWIFT_ASSET_SYMBOL_EXTENSIONS = YES;
				CLANG_ANALYZER_NONNULL = YES;
				CLANG_ANALYZER_NUMBER_OBJECT_CONVERSION = YES_AGGRESSIVE;
				CLANG_CXX_LANGUAGE_STANDARD = "gnu++20";
				CLANG_ENABLE_MODULES = YES;
				CLANG_ENABLE_OBJC_ARC = YES;
				CLANG_ENABLE_OBJC_WEAK = YES;
				CLANG_WARN_BLOCK_CAPTURE_AUTORELEASING = YES;
				CLANG_WARN_BOOL_CONVERSION = YES;
				CLANG_WARN_COMMA = YES;
				CLANG_WARN_CONSTANT_CONVERSION = YES;
				CLANG_WARN_DEPRECATED_OBJC_IMPLEMENTATIONS = YES;
				CLANG_WARN_DIRECT_OBJC_ISA_USAGE = YES_ERROR;
				CLANG_WARN_DOCUMENTATION_COMMENTS = YES;
				CLANG_WARN_EMPTY_BODY = YES;
				CLANG_WARN_ENUM_CONVERSION = YES;
				CLANG_WARN_INFINITE_RECURSION = YES;
				CLANG_WARN_INT_CONVERSION = YES;
				CLANG_WARN_NON_LITERAL_NULL_CONVERSION = YES;
				CLANG_WARN_OBJC_IMPLICIT_RETAIN_SELF = YES;
				CLANG_WARN_OBJC_LITERAL_CONVERSION = YES;
				CLANG_WARN_OBJC_ROOT_CLASS = YES_ERROR;
				CLANG_WARN_QUOTED_INCLUDE_IN_FRAMEWORK_HEADER = YES;
				CLANG_WARN_RANGE_LOOP_ANALYSIS = YES;
				CLANG_WARN_STRICT_PROTOTYPES = YES;
				CLANG_WARN_SUSPICIOUS_MOVE = YES;
				CLANG_WARN_UNGUARDED_AVAILABILITY = YES_AGGRESSIVE;
				CLANG_WARN_UNREACHABLE_CODE = YES;
				CLANG_WARN__DUPLICATE_METHOD_MATCH = YES;
				COPY_PHASE_STRIP = NO;
				DEBUG_INFORMATION_FORMAT = "dwarf-with-dsym";
				ENABLE_NS_ASSERTIONS = NO;
				ENABLE_STRICT_OBJC_MSGSEND = YES;
				ENABLE_USER_SCRIPT_SANDBOXING = YES;
				GCC_C_LANGUAGE_STANDARD = gnu17;
				GCC_NO_COMMON_BLOCKS = YES;
				GCC_WARN_64_TO_32_BIT_CONVERSION = YES;
				GCC_WARN_ABOUT_RETURN_TYPE = YES_ERROR;
				GCC_WARN_UNDECLARED_SELECTOR = YES;
				GCC_WARN_UNINITIALIZED_AUTOS = YES_AGGRESSIVE;
				GCC_WARN_UNUSED_FUNCTION = YES;
				GCC_WARN_UNUSED_VARIABLE = YES;
				IPHONEOS_DEPLOYMENT_TARGET = 13.0;
				LOCALIZATION_PREFERS_STRING_CATALOGS = YES;
				MTL_ENABLE_DEBUG_INFO = NO;
				MTL_FAST_MATH = YES;
				SDKROOT = iphoneos;
				SWIFT_COMPILATION_MODE = wholemodule;
				VALIDATE_PRODUCT = YES;
			};
			name = Release;
		};
		AD0A21272B5571BB00EC7A9D /* Debug */ = {
			isa = XCBuildConfiguration;
			buildSettings = {
				ASSETCATALOG_COMPILER_APPICON_NAME = AppIcon;
				ASSETCATALOG_COMPILER_GLOBAL_ACCENT_COLOR_NAME = AccentColor;
				CODE_SIGN_STYLE = Automatic;
				CURRENT_PROJECT_VERSION = 1;
				DEVELOPMENT_TEAM = XDB22KM8KS;
				GENERATE_INFOPLIST_FILE = YES;
				INFOPLIST_FILE = "HWS-Project-10/Info.plist";
				INFOPLIST_KEY_UIApplicationSupportsIndirectInputEvents = YES;
				INFOPLIST_KEY_UILaunchStoryboardName = LaunchScreen;
				INFOPLIST_KEY_UIMainStoryboardFile = Main;
				INFOPLIST_KEY_UISupportedInterfaceOrientations_iPad = "UIInterfaceOrientationPortrait UIInterfaceOrientationPortraitUpsideDown UIInterfaceOrientationLandscapeLeft UIInterfaceOrientationLandscapeRight";
				INFOPLIST_KEY_UISupportedInterfaceOrientations_iPhone = "UIInterfaceOrientationPortrait UIInterfaceOrientationLandscapeLeft UIInterfaceOrientationLandscapeRight";
				IPHONEOS_DEPLOYMENT_TARGET = 13.0;
				LD_RUNPATH_SEARCH_PATHS = (
					"$(inherited)",
					"@executable_path/Frameworks",
				);
				MARKETING_VERSION = 1.0;
				PRODUCT_BUNDLE_IDENTIFIER = "com.rraccoon.HWS-Project-10";
				PRODUCT_NAME = "$(TARGET_NAME)";
				SWIFT_EMIT_LOC_STRINGS = YES;
				SWIFT_VERSION = 5.0;
				TARGETED_DEVICE_FAMILY = "1,2";
			};
			name = Debug;
		};
		AD0A21282B5571BB00EC7A9D /* Release */ = {
			isa = XCBuildConfiguration;
			buildSettings = {
				ASSETCATALOG_COMPILER_APPICON_NAME = AppIcon;
				ASSETCATALOG_COMPILER_GLOBAL_ACCENT_COLOR_NAME = AccentColor;
				CODE_SIGN_STYLE = Automatic;
				CURRENT_PROJECT_VERSION = 1;
				DEVELOPMENT_TEAM = XDB22KM8KS;
				GENERATE_INFOPLIST_FILE = YES;
				INFOPLIST_FILE = "HWS-Project-10/Info.plist";
				INFOPLIST_KEY_UIApplicationSupportsIndirectInputEvents = YES;
				INFOPLIST_KEY_UILaunchStoryboardName = LaunchScreen;
				INFOPLIST_KEY_UIMainStoryboardFile = Main;
				INFOPLIST_KEY_UISupportedInterfaceOrientations_iPad = "UIInterfaceOrientationPortrait UIInterfaceOrientationPortraitUpsideDown UIInterfaceOrientationLandscapeLeft UIInterfaceOrientationLandscapeRight";
				INFOPLIST_KEY_UISupportedInterfaceOrientations_iPhone = "UIInterfaceOrientationPortrait UIInterfaceOrientationLandscapeLeft UIInterfaceOrientationLandscapeRight";
				IPHONEOS_DEPLOYMENT_TARGET = 13.0;
				LD_RUNPATH_SEARCH_PATHS = (
					"$(inherited)",
					"@executable_path/Frameworks",
				);
				MARKETING_VERSION = 1.0;
				PRODUCT_BUNDLE_IDENTIFIER = "com.rraccoon.HWS-Project-10";
				PRODUCT_NAME = "$(TARGET_NAME)";
				SWIFT_EMIT_LOC_STRINGS = YES;
				SWIFT_VERSION = 5.0;
				TARGETED_DEVICE_FAMILY = "1,2";
			};
			name = Release;
		};
/* End XCBuildConfiguration section */

/* Begin XCConfigurationList section */
		AD0A210D2B5571BA00EC7A9D /* Build configuration list for PBXProject "HWS-Project-10" */ = {
			isa = XCConfigurationList;
			buildConfigurations = (
				AD0A21242B5571BB00EC7A9D /* Debug */,
				AD0A21252B5571BB00EC7A9D /* Release */,
			);
			defaultConfigurationIsVisible = 0;
			defaultConfigurationName = Release;
		};
		AD0A21262B5571BB00EC7A9D /* Build configuration list for PBXNativeTarget "HWS-Project-10" */ = {
			isa = XCConfigurationList;
			buildConfigurations = (
				AD0A21272B5571BB00EC7A9D /* Debug */,
				AD0A21282B5571BB00EC7A9D /* Release */,
			);
			defaultConfigurationIsVisible = 0;
			defaultConfigurationName = Release;
		};
/* End XCConfigurationList section */
	};
	rootObject = AD0A210A2B5571BA00EC7A9D /* Project object */;
}
